PODS:
  - AFNetworking (3.2.1):
    - AFNetworking/NSURLSession (= 3.2.1)
    - AFNetworking/Reachability (= 3.2.1)
    - AFNetworking/Security (= 3.2.1)
    - AFNetworking/Serialization (= 3.2.1)
    - AFNetworking/UIKit (= 3.2.1)
  - AFNetworking/NSURLSession (3.2.1):
    - AFNetworking/Reachability
    - AFNetworking/Security
    - AFNetworking/Serialization
  - AFNetworking/Reachability (3.2.1)
  - AFNetworking/Security (3.2.1)
  - AFNetworking/Serialization (3.2.1)
  - AFNetworking/UIKit (3.2.1):
    - AFNetworking/NSURLSession
  - CardIO (5.4.1)
  - CMPopTipView (2.3.2)
  - CocoaLumberjack (3.4.2):
    - CocoaLumberjack/Default (= 3.4.2)
    - CocoaLumberjack/Extensions (= 3.4.2)
  - CocoaLumberjack/Default (3.4.2)
  - CocoaLumberjack/Extensions (3.4.2):
    - CocoaLumberjack/Default
  - libextobjc/EXTScope (0.4.1):
    - libextobjc/RuntimeExtensions
  - libextobjc/RuntimeExtensions (0.4.1)
  - Lockbox (3.0.6)
  - Mantle (2.1.0):
    - Mantle/extobjc (= 2.1.0)
  - Mantle/extobjc (2.1.0)
  - MBProgressHUD (1.1.0)
  - paymentSDK (2.17.5):
    - AFNetworking (~> 3.2.1)
    - CardIO (~> 5.4.1)
    - CMPopTipView (~> 2.3.2)
    - CocoaLumberjack (~> 3.4.2)
    - libextobjc/EXTScope (~> 0.4.1)
    - Lockbox (~> 3.0.6)
    - Mantle (~> 2.1.0)
    - MBProgressHUD (~> 1.1.0)
    - TPKeyboardAvoiding (~> 1.3.2)
    - ZappMerchantLib (~> 1.1.2)
  - TPKeyboardAvoiding (1.3.2)
  - ZappMerchantLib (1.1.2)

DEPENDENCIES:
  - paymentSDK (from `..`)

SPEC REPOS:
  https://github.com/cocoapods/specs.git:
    - AFNetworking
    - CardIO
    - CMPopTipView
    - CocoaLumberjack
    - libextobjc
    - Lockbox
    - Mantle
    - MBProgressHUD
    - TPKeyboardAvoiding
    - ZappMerchantLib

EXTERNAL SOURCES:
  paymentSDK:
    :path: ".."

SPEC CHECKSUMS:
  AFNetworking: b6f891fdfaed196b46c7a83cf209e09697b94057
  CardIO: 56983b39b62f495fc6dae9ad7cf875143df06443
  CMPopTipView: 2d56ef53e8e739c4e63ad97a5a88b97712b46c7b
  CocoaLumberjack: db7cc9e464771f12054c22ff6947c5a58d43a0fd
  libextobjc: a650fc1bf489a3d3a9bc2e621efa3e1006fc5471
  Lockbox: 4291a0b8b1aed35474881c4e592961dec3ca695e
  Mantle: 2fa750afa478cd625a94230fbf1c13462f29395b
  MBProgressHUD: e7baa36a220447d8aeb12769bf0585582f3866d9
  paymentSDK: 0bb92baa70cfdc46d66acffcd08bc46ede6669d4
  TPKeyboardAvoiding: cb69d5ddbe90ce0170e4bc2db1e5e41d4a3ad9a4
  ZappMerchantLib: 92ea0dde1a253f36211a7b7a655335ba19a4da74

PODFILE CHECKSUM: 65b7f364c7a6a2a4c04f83220a64912dc7d1c5e4

COCOAPODS: 1.5.3
